
Microsoft Visual Studio Solution File, Format Version 12.00
# Visual Studio 14
VisualStudioVersion = 14.0.25123.0
MinimumVisualStudioVersion = 10.0.40219.1
Project("{FAE04EC0-301F-11D3-BF4B-00C04F79EFBC}") = "BlackHole.Slave", "BlackHole.Slave\BlackHole.Slave.csproj", "{F453212F-5B9B-4F8F-A8B9-28BEF55F0933}"
EndProject
Project("{FAE04EC0-301F-11D3-BF4B-00C04F79EFBC}") = "BlackHole.Master", "BlackHole.Master\BlackHole.Master.csproj", "{A0AA13C9-5972-4651-8700-80EEA510567A}"
EndProject
Project("{FAE04EC0-301F-11D3-BF4B-00C04F79EFBC}") = "BlackHole.Common", "BlackHole.Common\BlackHole.Common.csproj", "{8D0EC007-217B-4AFD-8374-18192DC783EE}"
EndProject
Project("{8BC9CEB8-8B4A-11D0-8D11-00A0C91BC942}") = "BlackHole.Loader", "BlackHole.Loader\BlackHole.Loader.vcxproj", "{C7F9AF0A-96D5-414F-9EEC-2F20AD89E0C9}"
	ProjectSection(ProjectDependencies) = postProject
		{F453212F-5B9B-4F8F-A8B9-28BEF55F0933} = {F453212F-5B9B-4F8F-A8B9-28BEF55F0933}
	EndProjectSection
EndProject
Project("{FAE04EC0-301F-11D3-BF4B-00C04F79EFBC}") = "BlackHole.PayloadBuilder", "BlackHole.PayloadBuilder\BlackHole.PayloadBuilder.csproj", "{7DFC4A37-0CE2-43BE-A4D8-2DACB78F1E41}"
EndProject
Project("{2150E333-8FDC-42A3-9474-1A3956D46DE8}") = "Dependencies", "Dependencies", "{BC4FA75A-5114-4608-B509-08F388315A66}"
EndProject
Project("{FAE04EC0-301F-11D3-BF4B-00C04F79EFBC}") = "LibCredentials", "Dependencies\LibCredentials\LibCredentials\LibCredentials.csproj", "{45AC2E98-953C-4DDA-A2DC-73C9B1301E57}"
EndProject
Global
	GlobalSection(SolutionConfigurationPlatforms) = preSolution
		Debug|Any CPU = Debug|Any CPU
		Release|Any CPU = Release|Any CPU
	EndGlobalSection
	GlobalSection(ProjectConfigurationPlatforms) = postSolution
		{F453212F-5B9B-4F8F-A8B9-28BEF55F0933}.Debug|Any CPU.ActiveCfg = Debug|Any CPU
		{F453212F-5B9B-4F8F-A8B9-28BEF55F0933}.Debug|Any CPU.Build.0 = Debug|Any CPU
		{F453212F-5B9B-4F8F-A8B9-28BEF55F0933}.Release|Any CPU.ActiveCfg = Release|Any CPU
		{F453212F-5B9B-4F8F-A8B9-28BEF55F0933}.Release|Any CPU.Build.0 = Release|Any CPU
		{A0AA13C9-5972-4651-8700-80EEA510567A}.Debug|Any CPU.ActiveCfg = Debug|Any CPU
		{A0AA13C9-5972-4651-8700-80EEA510567A}.Debug|Any CPU.Build.0 = Debug|Any CPU
		{A0AA13C9-5972-4651-8700-80EEA510567A}.Release|Any CPU.ActiveCfg = Release|Any CPU
		{A0AA13C9-5972-4651-8700-80EEA510567A}.Release|Any CPU.Build.0 = Release|Any CPU
		{8D0EC007-217B-4AFD-8374-18192DC783EE}.Debug|Any CPU.ActiveCfg = Debug|Any CPU
		{8D0EC007-217B-4AFD-8374-18192DC783EE}.Debug|Any CPU.Build.0 = Debug|Any CPU
		{8D0EC007-217B-4AFD-8374-18192DC783EE}.Release|Any CPU.ActiveCfg = Release|Any CPU
		{8D0EC007-217B-4AFD-8374-18192DC783EE}.Release|Any CPU.Build.0 = Release|Any CPU
		{C7F9AF0A-96D5-414F-9EEC-2F20AD89E0C9}.Debug|Any CPU.ActiveCfg = Debug|Win32
		{C7F9AF0A-96D5-414F-9EEC-2F20AD89E0C9}.Debug|Any CPU.Build.0 = Debug|Win32
		{C7F9AF0A-96D5-414F-9EEC-2F20AD89E0C9}.Release|Any CPU.ActiveCfg = Release|Win32
		{7DFC4A37-0CE2-43BE-A4D8-2DACB78F1E41}.Debug|Any CPU.ActiveCfg = Debug|Any CPU
		{7DFC4A37-0CE2-43BE-A4D8-2DACB78F1E41}.Debug|Any CPU.Build.0 = Debug|Any CPU
		{7DFC4A37-0CE2-43BE-A4D8-2DACB78F1E41}.Release|Any CPU.ActiveCfg = Release|Any CPU
		{7DFC4A37-0CE2-43BE-A4D8-2DACB78F1E41}.Release|Any CPU.Build.0 = Release|Any CPU
		{45AC2E98-953C-4DDA-A2DC-73C9B1301E57}.Debug|Any CPU.ActiveCfg = Debug|Any CPU
		{45AC2E98-953C-4DDA-A2DC-73C9B1301E57}.Debug|Any CPU.Build.0 = Debug|Any CPU
		{45AC2E98-953C-4DDA-A2DC-73C9B1301E57}.Release|Any CPU.ActiveCfg = Release|Any CPU
		{45AC2E98-953C-4DDA-A2DC-73C9B1301E57}.Release|Any CPU.Build.0 = Release|Any CPU
	EndGlobalSection
	GlobalSection(SolutionProperties) = preSolution
		HideSolutionNode = FALSE
	EndGlobalSection
	GlobalSection(NestedProjects) = preSolution
		{45AC2E98-953C-4DDA-A2DC-73C9B1301E57} = {BC4FA75A-5114-4608-B509-08F388315A66}
	EndGlobalSection
EndGlobal
